
Microsoft Visual Studio Solution File, Format Version 12.00
# Visual Studio 15
VisualStudioVersion = 15.0.27703.2018
MinimumVisualStudioVersion = 10.0.40219.1
Project("{FAE04EC0-301F-11D3-BF4B-00C04F79EFBC}") = "WinForms App", "WinForms App\WinForms App.csproj", "{D5FC33F7-7C4A-40DF-A600-3CB0BF752C8B}"
EndProject
Global
	GlobalSection(SolutionConfigurationPlatforms) = preSolution
		Debug|Any CPU = Debug|Any CPU
		Release|Any CPU = Release|Any CPU
	EndGlobalSection
	GlobalSection(ProjectConfigurationPlatforms) = postSolution
		{D5FC33F7-7C4A-40DF-A600-3CB0BF752C8B}.Debug|Any CPU.ActiveCfg = Debug|Any CPU
		{D5FC33F7-7C4A-40DF-A600-3CB0BF752C8B}.Debug|Any CPU.Build.0 = Debug|Any CPU
		{D5FC33F7-7C4A-40DF-A600-3CB0BF752C8B}.Release|Any CPU.ActiveCfg = Release|Any CPU
		{D5FC33F7-7C4A-40DF-A600-3CB0BF752C8B}.Release|Any CPU.Build.0 = Release|Any CPU
	EndGlobalSection
	GlobalSection(SolutionProperties) = preSolution
		HideSolutionNode = FALSE
	EndGlobalSection
	GlobalSection(ExtensibilityGlobals) = postSolution
		SolutionGuid = {43FFDF47-D11B-456B-BAFF-801AA1C6AAC7}
	EndGlobalSection
EndGlobal
